
Microsoft Visual Studio Solution File, Format Version 12.00
# Visual Studio Version 17
VisualStudioVersion = 17.5.33502.453
MinimumVisualStudioVersion = 10.0.40219.1
Project("{FAE04EC0-301F-11D3-BF4B-00C04F79EFBC}") = "Tema1VidicanIoanaBogdana", "Tema1VidicanIoanaBogdana\Tema1VidicanIoanaBogdana.csproj", "{CBAFEF91-80FB-443E-9BC8-FF015E02DA72}"
EndProject
Global
	GlobalSection(SolutionConfigurationPlatforms) = preSolution
		Debug|Any CPU = Debug|Any CPU
		Release|Any CPU = Release|Any CPU
	EndGlobalSection
	GlobalSection(ProjectConfigurationPlatforms) = postSolution
		{CBAFEF91-80FB-443E-9BC8-FF015E02DA72}.Debug|Any CPU.ActiveCfg = Debug|Any CPU
		{CBAFEF91-80FB-443E-9BC8-FF015E02DA72}.Debug|Any CPU.Build.0 = Debug|Any CPU
		{CBAFEF91-80FB-443E-9BC8-FF015E02DA72}.Release|Any CPU.ActiveCfg = Release|Any CPU
		{CBAFEF91-80FB-443E-9BC8-FF015E02DA72}.Release|Any CPU.Build.0 = Release|Any CPU
	EndGlobalSection
	GlobalSection(SolutionProperties) = preSolution
		HideSolutionNode = FALSE
	EndGlobalSection
	GlobalSection(ExtensibilityGlobals) = postSolution
		SolutionGuid = {DA5915E6-62D1-4EE8-A609-E7566813CBA4}
	EndGlobalSection
EndGlobal
